PODS:
  - AppAuth (1.4.0):
    - AppAuth/Core (= 1.4.0)
    - AppAuth/ExternalUserAgent (= 1.4.0)
  - AppAuth/Core (1.4.0)
  - AppAuth/ExternalUserAgent (1.4.0)
  - boost (1.76.0)
  - DoubleConversion (1.1.6)
  - FBLazyVector (0.72.2)
  - FBReactNativeSpec (0.72.2):
    - RCT-Folly (= 2021.07.22.00)
    - RCTRequired (= 0.72.2)
    - RCTTypeSafety (= 0.72.2)
    - React-Core (= 0.72.2)
    - React-jsi (= 0.72.2)
    - ReactCommon/turbomodule/core (= 0.72.2)
  - fmt (6.2.1)
  - glog (0.3.5)
  - hermes-engine (0.72.2):
    - hermes-engine/Pre-built (= 0.72.2)
  - hermes-engine/Pre-built (0.72.2)
  - libevent (2.1.12)
  - MapboxCommon (23.6.0)
  - MapboxCoreMaps (10.14.0):
    - MapboxCommon (~> 23.6)
  - MapboxMaps (10.14.0):
    - MapboxCommon (= 23.6.0)
    - MapboxCoreMaps (= 10.14.0)
    - MapboxMobileEvents (= 1.0.10)
    - Turf (~> 2.0)
  - MapboxMobileEvents (1.0.10)
  - MMKV (1.2.13):
    - MMKVCore (~> 1.2.13)
  - MMKVCore (1.2.16)
  - RCT-Folly (2021.07.22.00):
    - boost
    - DoubleConversion
    - fmt (~> 6.2.1)
    - glog
    - RCT-Folly/Default (= 2021.07.22.00)
  - RCT-Folly/Default (2021.07.22.00):
    - boost
    - DoubleConversion
    - fmt (~> 6.2.1)
    - glog
  - RCT-Folly/Futures (2021.07.22.00):
    - boost
    - DoubleConversion
    - fmt (~> 6.2.1)
    - glog
    - libevent
  - RCTRequired (0.72.2)
  - RCTTypeSafety (0.72.2):
    - FBLazyVector (= 0.72.2)
    - RCTRequired (= 0.72.2)
    - React-Core (= 0.72.2)
  - React (0.72.2):
    - React-Core (= 0.72.2)
    - React-Core/DevSupport (= 0.72.2)
    - React-Core/RCTWebSocket (= 0.72.2)
    - React-RCTActionSheet (= 0.72.2)
    - React-RCTAnimation (= 0.72.2)
    - React-RCTBlob (= 0.72.2)
    - React-RCTImage (= 0.72.2)
    - React-RCTLinking (= 0.72.2)
    - React-RCTNetwork (= 0.72.2)
    - React-RCTSettings (= 0.72.2)
    - React-RCTText (= 0.72.2)
    - React-RCTVibration (= 0.72.2)
  - React-callinvoker (0.72.2)
  - React-Codegen (0.72.2):
    - DoubleConversion
    - FBReactNativeSpec
    - glog
    - hermes-engine
    - RCT-Folly
    - RCTRequired
    - RCTTypeSafety
    - React-Core
    - React-jsi
    - React-jsiexecutor
    - React-NativeModulesApple
    - React-rncore
    - ReactCommon/turbomodule/bridging
    - ReactCommon/turbomodule/core
  - React-Core (0.72.2):
    - glog
    - hermes-engine
    - RCT-Folly (= 2021.07.22.00)
    - React-Core/Default (= 0.72.2)
    - React-cxxreact
    - React-hermes
    - React-jsi
    - React-jsiexecutor
    - React-perflogger
    - React-runtimeexecutor
    - React-utils
    - SocketRocket (= 0.6.1)
    - Yoga
  - React-Core/CoreModulesHeaders (0.72.2):
    - glog
    - hermes-engine
    - RCT-Folly (= 2021.07.22.00)
    - React-Core/Default
    - React-cxxreact
    - React-hermes
    - React-jsi
    - React-jsiexecutor
    - React-perflogger
    - React-runtimeexecutor
    - React-utils
    - SocketRocket (= 0.6.1)
    - Yoga
  - React-Core/Default (0.72.2):
    - glog
    - hermes-engine
    - RCT-Folly (= 2021.07.22.00)
    - React-cxxreact
    - React-hermes
    - React-jsi
    - React-jsiexecutor
    - React-perflogger
    - React-runtimeexecutor
    - React-utils
    - SocketRocket (= 0.6.1)
    - Yoga
  - React-Core/DevSupport (0.72.2):
    - glog
    - hermes-engine
    - RCT-Folly (= 2021.07.22.00)
    - React-Core/Default (= 0.72.2)
    - React-Core/RCTWebSocket (= 0.72.2)
    - React-cxxreact
    - React-hermes
    - React-jsi
    - React-jsiexecutor
    - React-jsinspector (= 0.72.2)
    - React-perflogger
    - React-runtimeexecutor
    - React-utils
    - SocketRocket (= 0.6.1)
    - Yoga
  - React-Core/RCTActionSheetHeaders (0.72.2):
    - glog
    - hermes-engine
    - RCT-Folly (= 2021.07.22.00)
    - React-Core/Default
    - React-cxxreact
    - React-hermes
    - React-jsi
    - React-jsiexecutor
    - React-perflogger
    - React-runtimeexecutor
    - React-utils
    - SocketRocket (= 0.6.1)
    - Yoga
  - React-Core/RCTAnimationHeaders (0.72.2):
    - glog
    - hermes-engine
    - RCT-Folly (= 2021.07.22.00)
    - React-Core/Default
    - React-cxxreact
    - React-hermes
    - React-jsi
    - React-jsiexecutor
    - React-perflogger
    - React-runtimeexecutor
    - React-utils
    - SocketRocket (= 0.6.1)
    - Yoga
  - React-Core/RCTBlobHeaders (0.72.2):
    - glog
    - hermes-engine
    - RCT-Folly (= 2021.07.22.00)
    - React-Core/Default
    - React-cxxreact
    - React-hermes
    - React-jsi
    - React-jsiexecutor
    - React-perflogger
    - React-runtimeexecutor
    - React-utils
    - SocketRocket (= 0.6.1)
    - Yoga
  - React-Core/RCTImageHeaders (0.72.2):
    - glog
    - hermes-engine
    - RCT-Folly (= 2021.07.22.00)
    - React-Core/Default
    - React-cxxreact
    - React-hermes
    - React-jsi
    - React-jsiexecutor
    - React-perflogger
    - React-runtimeexecutor
    - React-utils
    - SocketRocket (= 0.6.1)
    - Yoga
  - React-Core/RCTLinkingHeaders (0.72.2):
    - glog
    - hermes-engine
    - RCT-Folly (= 2021.07.22.00)
    - React-Core/Default
    - React-cxxreact
    - React-hermes
    - React-jsi
    - React-jsiexecutor
    - React-perflogger
    - React-runtimeexecutor
    - React-utils
    - SocketRocket (= 0.6.1)
    - Yoga
  - React-Core/RCTNetworkHeaders (0.72.2):
    - glog
    - hermes-engine
    - RCT-Folly (= 2021.07.22.00)
    - React-Core/Default
    - React-cxxreact
    - React-hermes
    - React-jsi
    - React-jsiexecutor
    - React-perflogger
    - React-runtimeexecutor
    - React-utils
    - SocketRocket (= 0.6.1)
    - Yoga
  - React-Core/RCTSettingsHeaders (0.72.2):
    - glog
    - hermes-engine
    - RCT-Folly (= 2021.07.22.00)
    - React-Core/Default
    - React-cxxreact
    - React-hermes
    - React-jsi
    - React-jsiexecutor
    - React-perflogger
    - React-runtimeexecutor
    - React-utils
    - SocketRocket (= 0.6.1)
    - Yoga
  - React-Core/RCTTextHeaders (0.72.2):
    - glog
    - hermes-engine
    - RCT-Folly (= 2021.07.22.00)
    - React-Core/Default
    - React-cxxreact
    - React-hermes
    - React-jsi
    - React-jsiexecutor
    - React-perflogger
    - React-runtimeexecutor
    - React-utils
    - SocketRocket (= 0.6.1)
    - Yoga
  - React-Core/RCTVibrationHeaders (0.72.2):
    - glog
    - hermes-engine
    - RCT-Folly (= 2021.07.22.00)
    - React-Core/Default
    - React-cxxreact
    - React-hermes
    - React-jsi
    - React-jsiexecutor
    - React-perflogger
    - React-runtimeexecutor
    - React-utils
    - SocketRocket (= 0.6.1)
    - Yoga
  - React-Core/RCTWebSocket (0.72.2):
    - glog
    - hermes-engine
    - RCT-Folly (= 2021.07.22.00)
    - React-Core/Default (= 0.72.2)
    - React-cxxreact
    - React-hermes
    - React-jsi
    - React-jsiexecutor
    - React-perflogger
    - React-runtimeexecutor
    - React-utils
    - SocketRocket (= 0.6.1)
    - Yoga
  - React-CoreModules (0.72.2):
    - RCT-Folly (= 2021.07.22.00)
    - RCTTypeSafety (= 0.72.2)
    - React-Codegen (= 0.72.2)
    - React-Core/CoreModulesHeaders (= 0.72.2)
    - React-jsi (= 0.72.2)
    - React-RCTBlob
    - React-RCTImage (= 0.72.2)
    - ReactCommon/turbomodule/core (= 0.72.2)
    - SocketRocket (= 0.6.1)
  - React-cxxreact (0.72.2):
    - boost (= 1.76.0)
    - DoubleConversion
    - glog
    - hermes-engine
    - RCT-Folly (= 2021.07.22.00)
    - React-callinvoker (= 0.72.2)
    - React-debug (= 0.72.2)
    - React-jsi (= 0.72.2)
    - React-jsinspector (= 0.72.2)
    - React-logger (= 0.72.2)
    - React-perflogger (= 0.72.2)
    - React-runtimeexecutor (= 0.72.2)
  - React-debug (0.72.2)
  - React-hermes (0.72.2):
    - DoubleConversion
    - glog
    - hermes-engine
    - RCT-Folly (= 2021.07.22.00)
    - RCT-Folly/Futures (= 2021.07.22.00)
    - React-cxxreact (= 0.72.2)
    - React-jsi
    - React-jsiexecutor (= 0.72.2)
    - React-jsinspector (= 0.72.2)
    - React-perflogger (= 0.72.2)
  - React-jsi (0.72.2):
    - boost (= 1.76.0)
    - DoubleConversion
    - glog
    - hermes-engine
    - RCT-Folly (= 2021.07.22.00)
  - React-jsiexecutor (0.72.2):
    - DoubleConversion
    - glog
    - hermes-engine
    - RCT-Folly (= 2021.07.22.00)
    - React-cxxreact (= 0.72.2)
    - React-jsi (= 0.72.2)
    - React-perflogger (= 0.72.2)
  - React-jsinspector (0.72.2)
  - React-logger (0.72.2):
    - glog
  - react-native-app-auth (6.4.3):
    - AppAuth (= 1.4.0)
    - React-Core
  - react-native-config (1.5.1):
    - react-native-config/App (= 1.5.1)
  - react-native-config/App (1.5.1):
    - React-Core
  - react-native-get-random-values (1.9.0):
    - React-Core
  - react-native-mmkv-storage (0.9.1):
    - MMKV (= 1.2.13)
    - React-Core
  - react-native-pager-view (6.2.0):
    - React-Core
  - react-native-safe-area-context (4.7.1):
    - React-Core
  - React-NativeModulesApple (0.72.2):
    - hermes-engine
    - React-callinvoker
    - React-Core
    - React-cxxreact
    - React-jsi
    - React-runtimeexecutor
    - ReactCommon/turbomodule/bridging
    - ReactCommon/turbomodule/core
  - React-perflogger (0.72.2)
  - React-RCTActionSheet (0.72.2):
    - React-Core/RCTActionSheetHeaders (= 0.72.2)
  - React-RCTAnimation (0.72.2):
    - RCT-Folly (= 2021.07.22.00)
    - RCTTypeSafety (= 0.72.2)
    - React-Codegen (= 0.72.2)
    - React-Core/RCTAnimationHeaders (= 0.72.2)
    - React-jsi (= 0.72.2)
    - ReactCommon/turbomodule/core (= 0.72.2)
  - React-RCTAppDelegate (0.72.2):
    - RCT-Folly
    - RCTRequired
    - RCTTypeSafety
    - React-Core
    - React-CoreModules
    - React-hermes
    - React-NativeModulesApple
    - React-RCTImage
    - React-RCTNetwork
    - React-runtimescheduler
    - ReactCommon/turbomodule/core
  - React-RCTBlob (0.72.2):
    - hermes-engine
    - RCT-Folly (= 2021.07.22.00)
    - React-Codegen (= 0.72.2)
    - React-Core/RCTBlobHeaders (= 0.72.2)
    - React-Core/RCTWebSocket (= 0.72.2)
    - React-jsi (= 0.72.2)
    - React-RCTNetwork (= 0.72.2)
    - ReactCommon/turbomodule/core (= 0.72.2)
  - React-RCTImage (0.72.2):
    - RCT-Folly (= 2021.07.22.00)
    - RCTTypeSafety (= 0.72.2)
    - React-Codegen (= 0.72.2)
    - React-Core/RCTImageHeaders (= 0.72.2)
    - React-jsi (= 0.72.2)
    - React-RCTNetwork (= 0.72.2)
    - ReactCommon/turbomodule/core (= 0.72.2)
  - React-RCTLinking (0.72.2):
    - React-Codegen (= 0.72.2)
    - React-Core/RCTLinkingHeaders (= 0.72.2)
    - React-jsi (= 0.72.2)
    - ReactCommon/turbomodule/core (= 0.72.2)
  - React-RCTNetwork (0.72.2):
    - RCT-Folly (= 2021.07.22.00)
    - RCTTypeSafety (= 0.72.2)
    - React-Codegen (= 0.72.2)
    - React-Core/RCTNetworkHeaders (= 0.72.2)
    - React-jsi (= 0.72.2)
    - ReactCommon/turbomodule/core (= 0.72.2)
  - React-RCTSettings (0.72.2):
    - RCT-Folly (= 2021.07.22.00)
    - RCTTypeSafety (= 0.72.2)
    - React-Codegen (= 0.72.2)
    - React-Core/RCTSettingsHeaders (= 0.72.2)
    - React-jsi (= 0.72.2)
    - ReactCommon/turbomodule/core (= 0.72.2)
  - React-RCTText (0.72.2):
    - React-Core/RCTTextHeaders (= 0.72.2)
  - React-RCTVibration (0.72.2):
    - RCT-Folly (= 2021.07.22.00)
    - React-Codegen (= 0.72.2)
    - React-Core/RCTVibrationHeaders (= 0.72.2)
    - React-jsi (= 0.72.2)
    - ReactCommon/turbomodule/core (= 0.72.2)
  - React-rncore (0.72.2)
  - React-runtimeexecutor (0.72.2):
    - React-jsi (= 0.72.2)
  - React-runtimescheduler (0.72.2):
    - glog
    - hermes-engine
    - RCT-Folly (= 2021.07.22.00)
    - React-callinvoker
    - React-debug
    - React-jsi
    - React-runtimeexecutor
  - React-utils (0.72.2):
    - glog
    - RCT-Folly (= 2021.07.22.00)
    - React-debug
  - ReactCommon/turbomodule/bridging (0.72.2):
    - DoubleConversion
    - glog
    - hermes-engine
    - RCT-Folly (= 2021.07.22.00)
    - React-callinvoker (= 0.72.2)
    - React-cxxreact (= 0.72.2)
    - React-jsi (= 0.72.2)
    - React-logger (= 0.72.2)
    - React-perflogger (= 0.72.2)
  - ReactCommon/turbomodule/core (0.72.2):
    - DoubleConversion
    - glog
    - hermes-engine
    - RCT-Folly (= 2021.07.22.00)
    - React-callinvoker (= 0.72.2)
    - React-cxxreact (= 0.72.2)
    - React-jsi (= 0.72.2)
    - React-logger (= 0.72.2)
    - React-perflogger (= 0.72.2)
  - rnmapbox-maps (10.0.9):
    - MapboxMaps (~> 10.14.0)
    - React
    - React-Core
    - rnmapbox-maps/DynamicLibrary (= 10.0.9)
    - Turf
  - rnmapbox-maps/DynamicLibrary (10.0.9):
    - MapboxMaps (~> 10.14.0)
    - React
    - React-Core
    - Turf
  - RNScreens (3.22.1):
    - React-Core
    - React-RCTImage
  - RNSVG (13.10.0):
    - React-Core
  - SocketRocket (0.6.1)
  - Turf (2.6.1)
  - Yoga (1.14.0)

DEPENDENCIES:
  - boost (from `../node_modules/react-native/third-party-podspecs/boost.podspec`)
  - DoubleConversion (from `../node_modules/react-native/third-party-podspecs/DoubleConversion.podspec`)
  - FBLazyVector (from `../node_modules/react-native/Libraries/FBLazyVector`)
  - FBReactNativeSpec (from `../node_modules/react-native/React/FBReactNativeSpec`)
  - glog (from `../node_modules/react-native/third-party-podspecs/glog.podspec`)
  - hermes-engine (from `../node_modules/react-native/sdks/hermes-engine/hermes-engine.podspec`)
  - libevent (~> 2.1.12)
  - MapboxMaps (= 10.14.0)
  - RCT-Folly (from `../node_modules/react-native/third-party-podspecs/RCT-Folly.podspec`)
  - RCTRequired (from `../node_modules/react-native/Libraries/RCTRequired`)
  - RCTTypeSafety (from `../node_modules/react-native/Libraries/TypeSafety`)
  - React (from `../node_modules/react-native/`)
  - React-callinvoker (from `../node_modules/react-native/ReactCommon/callinvoker`)
  - React-Codegen (from `build/generated/ios`)
  - React-Core (from `../node_modules/react-native/`)
  - React-Core/RCTWebSocket (from `../node_modules/react-native/`)
  - React-CoreModules (from `../node_modules/react-native/React/CoreModules`)
  - React-cxxreact (from `../node_modules/react-native/ReactCommon/cxxreact`)
  - React-debug (from `../node_modules/react-native/ReactCommon/react/debug`)
  - React-hermes (from `../node_modules/react-native/ReactCommon/hermes`)
  - React-jsi (from `../node_modules/react-native/ReactCommon/jsi`)
  - React-jsiexecutor (from `../node_modules/react-native/ReactCommon/jsiexecutor`)
  - React-jsinspector (from `../node_modules/react-native/ReactCommon/jsinspector`)
  - React-logger (from `../node_modules/react-native/ReactCommon/logger`)
  - react-native-app-auth (from `../node_modules/react-native-app-auth`)
  - react-native-config (from `../node_modules/react-native-config`)
  - react-native-get-random-values (from `../node_modules/react-native-get-random-values`)
  - react-native-mmkv-storage (from `../node_modules/react-native-mmkv-storage`)
  - react-native-pager-view (from `../node_modules/react-native-pager-view`)
  - react-native-safe-area-context (from `../node_modules/react-native-safe-area-context`)
  - React-NativeModulesApple (from `../node_modules/react-native/ReactCommon/react/nativemodule/core/platform/ios`)
  - React-perflogger (from `../node_modules/react-native/ReactCommon/reactperflogger`)
  - React-RCTActionSheet (from `../node_modules/react-native/Libraries/ActionSheetIOS`)
  - React-RCTAnimation (from `../node_modules/react-native/Libraries/NativeAnimation`)
  - React-RCTAppDelegate (from `../node_modules/react-native/Libraries/AppDelegate`)
  - React-RCTBlob (from `../node_modules/react-native/Libraries/Blob`)
  - React-RCTImage (from `../node_modules/react-native/Libraries/Image`)
  - React-RCTLinking (from `../node_modules/react-native/Libraries/LinkingIOS`)
  - React-RCTNetwork (from `../node_modules/react-native/Libraries/Network`)
  - React-RCTSettings (from `../node_modules/react-native/Libraries/Settings`)
  - React-RCTText (from `../node_modules/react-native/Libraries/Text`)
  - React-RCTVibration (from `../node_modules/react-native/Libraries/Vibration`)
  - React-rncore (from `../node_modules/react-native/ReactCommon`)
  - React-runtimeexecutor (from `../node_modules/react-native/ReactCommon/runtimeexecutor`)
  - React-runtimescheduler (from `../node_modules/react-native/ReactCommon/react/renderer/runtimescheduler`)
  - React-utils (from `../node_modules/react-native/ReactCommon/react/utils`)
  - ReactCommon/turbomodule/core (from `../node_modules/react-native/ReactCommon`)
  - "rnmapbox-maps (from `../node_modules/@rnmapbox/maps`)"
  - RNScreens (from `../node_modules/react-native-screens`)
  - RNSVG (from `../node_modules/react-native-svg`)
  - Yoga (from `../node_modules/react-native/ReactCommon/yoga`)

SPEC REPOS:
  trunk:
    - AppAuth
    - fmt
    - libevent
    - MapboxCommon
    - MapboxCoreMaps
    - MapboxMaps
    - MapboxMobileEvents
    - MMKV
    - MMKVCore
    - SocketRocket
    - Turf

EXTERNAL SOURCES:
  boost:
    :podspec: "../node_modules/react-native/third-party-podspecs/boost.podspec"
  DoubleConversion:
    :podspec: "../node_modules/react-native/third-party-podspecs/DoubleConversion.podspec"
  FBLazyVector:
    :path: "../node_modules/react-native/Libraries/FBLazyVector"
  FBReactNativeSpec:
    :path: "../node_modules/react-native/React/FBReactNativeSpec"
  glog:
    :podspec: "../node_modules/react-native/third-party-podspecs/glog.podspec"
  hermes-engine:
    :podspec: "../node_modules/react-native/sdks/hermes-engine/hermes-engine.podspec"
    :tag: hermes-2023-03-20-RNv0.72.0-49794cfc7c81fb8f69fd60c3bbf85a7480cc5a77
  RCT-Folly:
    :podspec: "../node_modules/react-native/third-party-podspecs/RCT-Folly.podspec"
  RCTRequired:
    :path: "../node_modules/react-native/Libraries/RCTRequired"
  RCTTypeSafety:
    :path: "../node_modules/react-native/Libraries/TypeSafety"
  React:
    :path: "../node_modules/react-native/"
  React-callinvoker:
    :path: "../node_modules/react-native/ReactCommon/callinvoker"
  React-Codegen:
    :path: build/generated/ios
  React-Core:
    :path: "../node_modules/react-native/"
  React-CoreModules:
    :path: "../node_modules/react-native/React/CoreModules"
  React-cxxreact:
    :path: "../node_modules/react-native/ReactCommon/cxxreact"
  React-debug:
    :path: "../node_modules/react-native/ReactCommon/react/debug"
  React-hermes:
    :path: "../node_modules/react-native/ReactCommon/hermes"
  React-jsi:
    :path: "../node_modules/react-native/ReactCommon/jsi"
  React-jsiexecutor:
    :path: "../node_modules/react-native/ReactCommon/jsiexecutor"
  React-jsinspector:
    :path: "../node_modules/react-native/ReactCommon/jsinspector"
  React-logger:
    :path: "../node_modules/react-native/ReactCommon/logger"
  react-native-app-auth:
    :path: "../node_modules/react-native-app-auth"
  react-native-config:
    :path: "../node_modules/react-native-config"
  react-native-get-random-values:
    :path: "../node_modules/react-native-get-random-values"
  react-native-mmkv-storage:
    :path: "../node_modules/react-native-mmkv-storage"
  react-native-pager-view:
    :path: "../node_modules/react-native-pager-view"
  react-native-safe-area-context:
    :path: "../node_modules/react-native-safe-area-context"
  React-NativeModulesApple:
    :path: "../node_modules/react-native/ReactCommon/react/nativemodule/core/platform/ios"
  React-perflogger:
    :path: "../node_modules/react-native/ReactCommon/reactperflogger"
  React-RCTActionSheet:
    :path: "../node_modules/react-native/Libraries/ActionSheetIOS"
  React-RCTAnimation:
    :path: "../node_modules/react-native/Libraries/NativeAnimation"
  React-RCTAppDelegate:
    :path: "../node_modules/react-native/Libraries/AppDelegate"
  React-RCTBlob:
    :path: "../node_modules/react-native/Libraries/Blob"
  React-RCTImage:
    :path: "../node_modules/react-native/Libraries/Image"
  React-RCTLinking:
    :path: "../node_modules/react-native/Libraries/LinkingIOS"
  React-RCTNetwork:
    :path: "../node_modules/react-native/Libraries/Network"
  React-RCTSettings:
    :path: "../node_modules/react-native/Libraries/Settings"
  React-RCTText:
    :path: "../node_modules/react-native/Libraries/Text"
  React-RCTVibration:
    :path: "../node_modules/react-native/Libraries/Vibration"
  React-rncore:
    :path: "../node_modules/react-native/ReactCommon"
  React-runtimeexecutor:
    :path: "../node_modules/react-native/ReactCommon/runtimeexecutor"
  React-runtimescheduler:
    :path: "../node_modules/react-native/ReactCommon/react/renderer/runtimescheduler"
  React-utils:
    :path: "../node_modules/react-native/ReactCommon/react/utils"
  ReactCommon:
    :path: "../node_modules/react-native/ReactCommon"
  rnmapbox-maps:
    :path: "../node_modules/@rnmapbox/maps"
  RNScreens:
    :path: "../node_modules/react-native-screens"
  RNSVG:
    :path: "../node_modules/react-native-svg"
  Yoga:
    :path: "../node_modules/react-native/ReactCommon/yoga"

SPEC CHECKSUMS:
  AppAuth: 31bcec809a638d7bd2f86ea8a52bd45f6e81e7c7
  boost: 57d2868c099736d80fcd648bf211b4431e51a558
  DoubleConversion: 5189b271737e1565bdce30deb4a08d647e3f5f54
  FBLazyVector: 565cdf5e3d0dd4b12a9c842f6a4bb5082b5aaa5b
  FBReactNativeSpec: 052fc96c48292cac6ca729d58200ac77890573ab
  fmt: ff9d55029c625d3757ed641535fd4a75fedc7ce9
  glog: 04b94705f318337d7ead9e6d17c019bd9b1f6b1b
  hermes-engine: 3f42310d66bcbc814b3771b79ad8d5a3f8df3df1
  libevent: 4049cae6c81cdb3654a443be001fb9bdceff7913
  MapboxCommon: 4a0251dd470ee37e7fadda8e285c01921a5e1eb0
  MapboxCoreMaps: eb07203bbb0b1509395db5ab89cd3ad6c2e3c04c
  MapboxMaps: af50ec61a7eb3b032c3f7962c6bd671d93d2a209
  MapboxMobileEvents: de50b3a4de180dd129c326e09cd12c8adaaa46d6
  MMKV: aac95d817a100479445633f2b3ed8961b4ac5043
  MMKVCore: 9cfef4c48c6c46f66226fc2e4634d78490206a48
  RCT-Folly: 424b8c9a7a0b9ab2886ffe9c3b041ef628fd4fb1
  RCTRequired: 40bf5271b434eae17c4f950abde576fb25d77d3a
  RCTTypeSafety: 14400c4d956ff45c5a188e3b4f5f4daa89e3ae09
  React: e95eb5cd3194e8842654114f8dd639baa53ba995
  React-callinvoker: 8e0f64e9cc9fa15b3168bbbe7d2a9ff270ab51dd
  React-Codegen: 8e33e9089cb926ff5b34f592a26a53ee32782570
  React-Core: 6129608e7c77f8773698b20c6cca12634554260a
  React-CoreModules: 71ec00d0d243ccff3074f4284839d7714232d8dd
  React-cxxreact: 4859b005b43ca1148458f35a2eecffc8b571e30d
  React-debug: d63e374099cd138472a8bd186aaa1740a7f51080
  React-hermes: 923a854f14915777d15c786665cf0496ed8876c8
  React-jsi: 69e43d4531fe8be6c292bd1f1e5465b8142a5cca
  React-jsiexecutor: 2c53849838b096599bd04cbbf11a6b67a1781e7b
  React-jsinspector: 36bb3067723df92b7ea564a28ee61a2282a696bc
  React-logger: 48a3629a61899735cbfa9f0b8c5cd44cb1561952
  react-native-app-auth: fd1eaa667c0bc014199456d14a6440cb74de814e
  react-native-config: 86038147314e2e6d10ea9972022aa171e6b1d4d8
  react-native-get-random-values: dee677497c6a740b71e5612e8dbd83e7539ed5bb
  react-native-mmkv-storage: cfb6854594cfdc5f7383a9e464bb025417d1721c
  react-native-pager-view: 0ccb8bf60e2ebd38b1f3669fa3650ecce81db2df
  react-native-safe-area-context: 9697629f7b2cda43cf52169bb7e0767d330648c2
  React-NativeModulesApple: 32cd34bea46aebefeadd1f9a2ec815357b21d868
  React-perflogger: e7006abd30efeebef143702550063ca3415e267a
  React-RCTActionSheet: 017232a203ef82e42e54b15673e26489c2797745
  React-RCTAnimation: f3e45f2e174ecf417f013429edaac271332b1691
  React-RCTAppDelegate: 2606122a4ad3282854da5d00b2b903b698460c22
  React-RCTBlob: f4540d359df7c2e9df1caf87d3f186c87044b613
  React-RCTImage: 29836ab12056b4dda384d5257cbc5804de2ba71c
  React-RCTLinking: fdf89600195b9f0525b542fbbce6db4c5d54f7f3
  React-RCTNetwork: cbc8a534a1a00c03f0986b57f9ae6ea9a5030706
  React-RCTSettings: a9a24902ac079f9299c7e8f8ba7b6a4b89f11a71
  React-RCTText: 5a3e35e9ff2f07d499662a6cefd22f4014d331e6
  React-RCTVibration: 51bb331f8069908ddaa4f05e673e59e4f91d6d43
  React-rncore: 0220cbe4f898d37b9286402d55ac6597eec164ce
  React-runtimeexecutor: b716a0ade3de6bab90b2daa4e003425bfd1c059b
  React-runtimescheduler: ee8dc4afb7d8ba56022a67b9a50c497235a97017
  React-utils: 6dceb6e180ff30ae1bded5487e78f4ca3bbb8f5c
  ReactCommon: a1ab2fc1c6edd63b1d6e99613a84519e73d6df2d
  rnmapbox-maps: 0d5ef518a237cb01d8e5b78324661a1eaf31f70c
  RNScreens: 50ffe2fa2342eabb2d0afbe19f7c1af286bc7fb3
  RNSVG: 80584470ff1ffc7994923ea135a3e5ad825546b9
  SocketRocket: f32cd54efbe0f095c4d7594881e52619cfe80b17
  Turf: 469ce2c3d22e5e8e4818d5a3b254699a5c89efa4
  Yoga: c79810ea24a2a73b7f39174e78d60f4e28261f33

PODFILE CHECKSUM: adaa521dc508e1a963703d913923aed1644d28c9

COCOAPODS: 1.12.1
